
Microsoft Visual Studio Solution File, Format Version 12.00
# Visual Studio Version 17
VisualStudioVersion = 17.14.36127.28 d17.14
MinimumVisualStudioVersion = 10.0.40219.1
Project("{FAE04EC0-301F-11D3-BF4B-00C04F79EFBC}") = "GBSacessoria", "GBSacessoria\GBSacessoria.csproj", "{DCCCCFD2-4973-484B-AD57-2F630F3CEF38}"
EndProject
Global
	GlobalSection(SolutionConfigurationPlatforms) = preSolution
		Debug|Any CPU = Debug|Any CPU
		Release|Any CPU = Release|Any CPU
	EndGlobalSection
	GlobalSection(ProjectConfigurationPlatforms) = postSolution
		{DCCCCFD2-4973-484B-AD57-2F630F3CEF38}.Debug|Any CPU.ActiveCfg = Debug|Any CPU
		{DCCCCFD2-4973-484B-AD57-2F630F3CEF38}.Debug|Any CPU.Build.0 = Debug|Any CPU
		{DCCCCFD2-4973-484B-AD57-2F630F3CEF38}.Release|Any CPU.ActiveCfg = Release|Any CPU
		{DCCCCFD2-4973-484B-AD57-2F630F3CEF38}.Release|Any CPU.Build.0 = Release|Any CPU
	EndGlobalSection
	GlobalSection(SolutionProperties) = preSolution
		HideSolutionNode = FALSE
	EndGlobalSection
	GlobalSection(ExtensibilityGlobals) = postSolution
		SolutionGuid = {09655AC6-80F2-40E9-9746-20ED8B796526}
	EndGlobalSection
EndGlobal
